// !$*UTF8*$!
{
	archiveVersion = 1;
	classes = {
	};
	objectVersion = 48;
	objects = {

/* Begin PBXBuildFile section */
		2BF1B54B204D59CE00712751 /* AppDelegate.m in Sources */ = {isa = PBXBuildFile; fileRef = 2BF1B54A204D59CE00712751 /* AppDelegate.m */; };
		2BF1B54E204D59CE00712751 /* ViewController.m in Sources */ = {isa = PBXBuildFile; fileRef = 2BF1B54D204D59CE00712751 /* ViewController.m */; };
		2BF1B550204D59CE00712751 /* Assets.xcassets in Resources */ = {isa = PBXBuildFile; fileRef = 2BF1B54F204D59CE00712751 /* Assets.xcassets */; };
		2BF1B553204D59CE00712751 /* Main.storyboard in Resources */ = {isa = PBXBuildFile; fileRef = 2BF1B551204D59CE00712751 /* Main.storyboard */; };
		2BF1B556204D59CE00712751 /* main.m in Sources */ = {isa = PBXBuildFile; fileRef = 2BF1B555204D59CE00712751 /* main.m */; };
		2BF29174204FFDF9009F399C /* Imaginarynum.m in Sources */ = {isa = PBXBuildFile; fileRef = 2BF29173204FFDF9009F399C /* Imaginarynum.m */; };
/* End PBXBuildFile section */

/* Begin PBXFileReference section */
		2BF1B546204D59CE00712751 /* complexNumber.app */ = {isa = PBXFileReference; explicitFileType = wrapper.application; includeInIndex = 0; path = complexNumber.app; sourceTree = BUILT_PRODUCTS_DIR; };
		2BF1B549204D59CE00712751 /* AppDelegate.h */ = {isa = PBXFileReference; lastKnownFileType = sourcecode.c.h; path = AppDelegate.h; sourceTree = "<group>"; };
		2BF1B54A204D59CE00712751 /* AppDelegate.m */ = {isa = PBXFileReference; lastKnownFileType = sourcecode.c.objc; path = AppDelegate.m; sourceTree = "<group>"; };
		2BF1B54C204D59CE00712751 /* ViewController.h */ = {isa = PBXFileReference; lastKnownFileType = sourcecode.c.h; path = ViewController.h; sourceTree = "<group>"; };
		2BF1B54D204D59CE00712751 /* ViewController.m */ = {isa = PBXFileReference; lastKnownFileType = sourcecode.c.objc; path = ViewController.m; sourceTree = "<group>"; };
		2BF1B54F204D59CE00712751 /* Assets.xcassets */ = {isa = PBXFileReference; lastKnownFileType = folder.assetcatalog; path = Assets.xcassets; sourceTree = "<group>"; };
		2BF1B552204D59CE00712751 /* Base */ = {isa = PBXFileReference; lastKnownFileType = file.storyboard; name = Base; path = Base.lproj/Main.storyboard; sourceTree = "<group>"; };
		2BF1B554204D59CE00712751 /* Info.plist */ = {isa = PBXFileReference; lastKnownFileType = text.plist.xml; path = Info.plist; sourceTree = "<group>"; };
		2BF1B555204D59CE00712751 /* main.m */ = {isa = PBXFileReference; lastKnownFileType = sourcecode.c.objc; path = main.m; sourceTree = "<group>"; };
		2BF1B557204D59CE00712751 /* complexNumber.entitlements */ = {isa = PBXFileReference; lastKnownFileType = text.plist.entitlements; path = complexNumber.entitlements; sourceTree = "<group>"; };
		2BF29172204FFDF9009F399C /* Imaginarynum.h */ = {isa = PBXFileReference; lastKnownFileType = sourcecode.c.h; path = Imaginarynum.h; sourceTree = "<group>"; };
		2BF29173204FFDF9009F399C /* Imaginarynum.m */ = {isa = PBXFileReference; lastKnownFileType = sourcecode.c.objc; path = Imaginarynum.m; sourceTree = "<group>"; };
/* End PBXFileReference section */

/* Begin PBXFrameworksBuildPhase section */
		2BF1B543204D59CE00712751 /* Frameworks */ = {
			isa = PBXFrameworksBuildPhase;
			buildActionMask = 2147483647;
			files = (
			);
			runOnlyForDeploymentPostprocessing = 0;
		};
/* End PBXFrameworksBuildPhase section */

/* Begin PBXGroup section */
		2BF1B53D204D59CE00712751 = {
			isa = PBXGroup;
			children = (
				2BF1B548204D59CE00712751 /* complexNumber */,
				2BF1B547204D59CE00712751 /* Products */,
			);
			sourceTree = "<group>";
		};
		2BF1B547204D59CE00712751 /* Products */ = {
			isa = PBXGroup;
			children = (
				2BF1B546204D59CE00712751 /* complexNumber.app */,
			);
			name = Products;
			sourceTree = "<group>";
		};
		2BF1B548204D59CE00712751 /* complexNumber */ = {
			isa = PBXGroup;
			children = (
				2BF1B549204D59CE00712751 /* AppDelegate.h */,
				2BF1B54A204D59CE00712751 /* AppDelegate.m */,
				2BF1B54C204D59CE00712751 /* ViewController.h */,
				2BF1B54D204D59CE00712751 /* ViewController.m */,
				2BF1B54F204D59CE00712751 /* Assets.xcassets */,
				2BF1B551204D59CE00712751 /* Main.storyboard */,
				2BF1B554204D59CE00712751 /* Info.plist */,
				2BF1B555204D59CE00712751 /* main.m */,
				2BF1B557204D59CE00712751 /* complexNumber.entitlements */,
				2BF29172204FFDF9009F399C /* Imaginarynum.h */,
				2BF29173204FFDF9009F399C /* Imaginarynum.m */,
			);
			path = complexNumber;
			sourceTree = "<group>";
		};
/* End PBXGroup section */

/* Begin PBXNativeTarget section */
		2BF1B545204D59CE00712751 /* complexNumber */ = {
			isa = PBXNativeTarget;
			buildConfigurationList = 2BF1B55A204D59CE00712751 /* Build configuration list for PBXNativeTarget "complexNumber" */;
			buildPhases = (
				2BF1B542204D59CE00712751 /* Sources */,
				2BF1B543204D59CE00712751 /* Frameworks */,
				2BF1B544204D59CE00712751 /* Resources */,
			);
			buildRules = (
			);
			dependencies = (
			);
			name = complexNumber;
			productName = complexNumber;
			productReference = 2BF1B546204D59CE00712751 /* complexNumber.app */;
			productType = "com.apple.product-type.application";
		};
/* End PBXNativeTarget section */

/* Begin PBXProject section */
		2BF1B53E204D59CE00712751 /* Project object */ = {
			isa = PBXProject;
			attributes = {
				LastUpgradeCheck = 0900;
				ORGANIZATIONNAME = ABDO;
				TargetAttributes = {
					2BF1B545204D59CE00712751 = {
						CreatedOnToolsVersion = 9.0;
						ProvisioningStyle = Automatic;
					};
				};
			};
			buildConfigurationList = 2BF1B541204D59CE00712751 /* Build configuration list for PBXProject "complexNumber" */;
			compatibilityVersion = "Xcode 8.0";
			developmentRegion = en;
			hasScannedForEncodings = 0;
			knownRegions = (
				en,
				Base,
			);
			mainGroup = 2BF1B53D204D59CE00712751;
			productRefGroup = 2BF1B547204D59CE00712751 /* Products */;
			projectDirPath = "";
			projectRoot = "";
			targets = (
				2BF1B545204D59CE00712751 /* complexNumber */,
			);
		};
/* End PBXProject section */

/* Begin PBXResourcesBuildPhase section */
		2BF1B544204D59CE00712751 /* Resources */ = {
			isa = PBXResourcesBuildPhase;
			buildActionMask = 2147483647;
			files = (
				2BF1B550204D59CE00712751 /* Assets.xcassets in Resources */,
				2BF1B553204D59CE00712751 /* Main.storyboard in Resources */,
			);
			runOnlyForDeploymentPostprocessing = 0;
		};
/* End PBXResourcesBuildPhase section */

/* Begin PBXSourcesBuildPhase section */
		2BF1B542204D59CE00712751 /* Sources */ = {
			isa = PBXSourcesBuildPhase;
			buildActionMask = 2147483647;
			files = (
				2BF1B54E204D59CE00712751 /* ViewController.m in Sources */,
				2BF1B556204D59CE00712751 /* main.m in Sources */,
				2BF29174204FFDF9009F399C /* Imaginarynum.m in Sources */,
				2BF1B54B204D59CE00712751 /* AppDelegate.m in Sources */,
			);
			runOnlyForDeploymentPostprocessing = 0;
		};
/* End PBXSourcesBuildPhase section */

/* Begin PBXVariantGroup section */
		2BF1B551204D59CE00712751 /* Main.storyboard */ = {
			isa = PBXVariantGroup;
			children = (
				2BF1B552204D59CE00712751 /* Base */,
			);
			name = Main.storyboard;
			sourceTree = "<group>";
		};
/* End PBXVariantGroup section */

/* Begin XCBuildConfiguration section */
		2BF1B558204D59CE00712751 /* Debug */ = {
			isa = XCBuildConfiguration;
			buildSettings = {
				ALWAYS_SEARCH_USER_PATHS = NO;
				CLANG_ANALYZER_NONNULL = YES;
				CLANG_ANALYZER_NUMBER_OBJECT_CONVERSION = YES_AGGRESSIVE;
				CLANG_CXX_LANGUAGE_STANDARD = "gnu++14";
				CLANG_CXX_LIBRARY = "libc++";
				CLANG_ENABLE_MODULES = YES;
				CLANG_ENABLE_OBJC_ARC = YES;
				CLANG_WARN_BLOCK_CAPTURE_AUTORELEASING = YES;
				CLANG_WARN_BOOL_CONVERSION = YES;
				CLANG_WARN_COMMA = YES;
				CLANG_WARN_CONSTANT_CONVERSION = YES;
				CLANG_WARN_DIRECT_OBJC_ISA_USAGE = YES_ERROR;
				CLANG_WARN_DOCUMENTATION_COMMENTS = YES;
				CLANG_WARN_EMPTY_BODY = YES;
				CLANG_WARN_ENUM_CONVERSION = YES;
				CLANG_WARN_INFINITE_RECURSION = YES;
				CLANG_WARN_INT_CONVERSION = YES;
				CLANG_WARN_NON_LITERAL_NULL_CONVERSION = YES;
				CLANG_WARN_OBJC_LITERAL_CONVERSION = YES;
				CLANG_WARN_OBJC_ROOT_CLASS = YES_ERROR;
				CLANG_WARN_RANGE_LOOP_ANALYSIS = YES;
				CLANG_WARN_STRICT_PROTOTYPES = YES;
				CLANG_WARN_SUSPICIOUS_MOVE = YES;
				CLANG_WARN_UNGUARDED_AVAILABILITY = YES_AGGRESSIVE;
				CLANG_WARN_UNREACHABLE_CODE = YES;
				CLANG_WARN__DUPLICATE_METHOD_MATCH = YES;
				CODE_SIGN_IDENTITY = "-";
				COPY_PHASE_STRIP = NO;
				DEBUG_INFORMATION_FORMAT = dwarf;
				ENABLE_STRICT_OBJC_MSGSEND = YES;
				ENABLE_TESTABILITY = YES;
				GCC_C_LANGUAGE_STANDARD = gnu11;
				GCC_DYNAMIC_NO_PIC = NO;
				GCC_NO_COMMON_BLOCKS = YES;
				GCC_OPTIMIZATION_LEVEL = 0;
				GCC_PREPROCESSOR_DEFINITIONS = (
					"DEBUG=1",
					"$(inherited)",
				);
				GCC_WARN_64_TO_32_BIT_CONVERSION = YES;
				GCC_WARN_ABOUT_RETURN_TYPE = YES_ERROR;
				GCC_WARN_UNDECLARED_SELECTOR = YES;
				GCC_WARN_UNINITIALIZED_AUTOS = YES_AGGRESSIVE;
				GCC_WARN_UNUSED_FUNCTION = YES;
				GCC_WARN_UNUSED_VARIABLE = YES;
				MACOSX_DEPLOYMENT_TARGET = 10.13;
				MTL_ENABLE_DEBUG_INFO = YES;
				ONLY_ACTIVE_ARCH = YES;
				SDKROOT = macosx;
			};
			name = Debug;
		};
		2BF1B559204D59CE00712751 /* Release */ = {
			isa = XCBuildConfiguration;
			buildSettings = {
				ALWAYS_SEARCH_USER_PATHS = NO;
				CLANG_ANALYZER_NONNULL = YES;
				CLANG_ANALYZER_NUMBER_OBJECT_CONVERSION = YES_AGGRESSIVE;
				CLANG_CXX_LANGUAGE_STANDARD = "gnu++14";
				CLANG_CXX_LIBRARY = "libc++";
				CLANG_ENABLE_MODULES = YES;
				CLANG_ENABLE_OBJC_ARC = YES;
				CLANG_WARN_BLOCK_CAPTURE_AUTORELEASING = YES;
				CLANG_WARN_BOOL_CONVERSION = YES;
				CLANG_WARN_COMMA = YES;
				CLANG_WARN_CONSTANT_CONVERSION = YES;
				CLANG_WARN_DIRECT_OBJC_ISA_USAGE = YES_ERROR;
				CLANG_WARN_DOCUMENTATION_COMMENTS = YES;
				CLANG_WARN_EMPTY_BODY = YES;
				CLANG_WARN_ENUM_CONVERSION = YES;
				CLANG_WARN_INFINITE_RECURSION = YES;
				CLANG_WARN_INT_CONVERSION = YES;
				CLANG_WARN_NON_LITERAL_NULL_CONVERSION = YES;
				CLANG_WARN_OBJC_LITERAL_CONVERSION = YES;
				CLANG_WARN_OBJC_ROOT_CLASS = YES_ERROR;
				CLANG_WARN_RANGE_LOOP_ANALYSIS = YES;
				CLANG_WARN_STRICT_PROTOTYPES = YES;
				CLANG_WARN_SUSPICIOUS_MOVE = YES;
				CLANG_WARN_UNGUARDED_AVAILABILITY = YES_AGGRESSIVE;
				CLANG_WARN_UNREACHABLE_CODE = YES;
				CLANG_WARN__DUPLICATE_METHOD_MATCH = YES;
				CODE_SIGN_IDENTITY = "-";
				COPY_PHASE_STRIP = NO;
				DEBUG_INFORMATION_FORMAT = "dwarf-with-dsym";
				ENABLE_NS_ASSERTIONS = NO;
				ENABLE_STRICT_OBJC_MSGSEND = YES;
				GCC_C_LANGUAGE_STANDARD = gnu11;
				GCC_NO_COMMON_BLOCKS = YES;
				GCC_WARN_64_TO_32_BIT_CONVERSION = YES;
				GCC_WARN_ABOUT_RETURN_TYPE = YES_ERROR;
				GCC_WARN_UNDECLARED_SELECTOR = YES;
				GCC_WARN_UNINITIALIZED_AUTOS = YES_AGGRESSIVE;
				GCC_WARN_UNUSED_FUNCTION = YES;
				GCC_WARN_UNUSED_VARIABLE = YES;
				MACOSX_DEPLOYMENT_TARGET = 10.13;
				MTL_ENABLE_DEBUG_INFO = NO;
				SDKROOT = macosx;
			};
			name = Release;
		};
		2BF1B55B204D59CE00712751 /* Debug */ = {
			isa = XCBuildConfiguration;
			buildSettings = {
				ASSETCATALOG_COMPILER_APPICON_NAME = AppIcon;
				CODE_SIGN_ENTITLEMENTS = complexNumber/complexNumber.entitlements;
				CODE_SIGN_STYLE = Automatic;
				COMBINE_HIDPI_IMAGES = YES;
				INFOPLIST_FILE = complexNumber/Info.plist;
				LD_RUNPATH_SEARCH_PATHS = "$(inherited) @executable_path/../Frameworks";
				PRODUCT_BUNDLE_IDENTIFIER = Noon.complexNumber;
				PRODUCT_NAME = "$(TARGET_NAME)";
			};
			name = Debug;
		};
		2BF1B55C204D59CE00712751 /* Release */ = {
			isa = XCBuildConfiguration;
			buildSettings = {
				ASSETCATALOG_COMPILER_APPICON_NAME = AppIcon;
				CODE_SIGN_ENTITLEMENTS = complexNumber/complexNumber.entitlements;
				CODE_SIGN_STYLE = Automatic;
				COMBINE_HIDPI_IMAGES = YES;
				INFOPLIST_FILE = complexNumber/Info.plist;
				LD_RUNPATH_SEARCH_PATHS = "$(inherited) @executable_path/../Frameworks";
				PRODUCT_BUNDLE_IDENTIFIER = Noon.complexNumber;
				PRODUCT_NAME = "$(TARGET_NAME)";
			};
			name = Release;
		};
/* End XCBuildConfiguration section */

/* Begin XCConfigurationList section */
		2BF1B541204D59CE00712751 /* Build configuration list for PBXProject "complexNumber" */ = {
			isa = XCConfigurationList;
			buildConfigurations = (
				2BF1B558204D59CE00712751 /* Debug */,
				2BF1B559204D59CE00712751 /* Release */,
			);
			defaultConfigurationIsVisible = 0;
			defaultConfigurationName = Release;
		};
		2BF1B55A204D59CE00712751 /* Build configuration list for PBXNativeTarget "complexNumber" */ = {
			isa = XCConfigurationList;
			buildConfigurations = (
				2BF1B55B204D59CE00712751 /* Debug */,
				2BF1B55C204D59CE00712751 /* Release */,
			);
			defaultConfigurationIsVisible = 0;
			defaultConfigurationName = Release;
		};
/* End XCConfigurationList section */
	};
	rootObject = 2BF1B53E204D59CE00712751 /* Project object */;
}
